
Microsoft Visual Studio Solution File, Format Version 12.00
# Visual Studio Version 16
VisualStudioVersion = 16.0.32802.440
MinimumVisualStudioVersion = 10.0.40219.1
Project("{FAE04EC0-301F-11D3-BF4B-00C04F79EFBC}") = "Adventure", "Adventure\Adventure.csproj", "{5F811F30-9CE5-48DC-ADE4-1585633C71F9}"
EndProject
Global
	GlobalSection(SolutionConfigurationPlatforms) = preSolution
		Debug|Any CPU = Debug|Any CPU
		Release|Any CPU = Release|Any CPU
	EndGlobalSection
	GlobalSection(ProjectConfigurationPlatforms) = postSolution
		{5F811F30-9CE5-48DC-ADE4-1585633C71F9}.Debug|Any CPU.ActiveCfg = Debug|Any CPU
		{5F811F30-9CE5-48DC-ADE4-1585633C71F9}.Debug|Any CPU.Build.0 = Debug|Any CPU
		{5F811F30-9CE5-48DC-ADE4-1585633C71F9}.Release|Any CPU.ActiveCfg = Release|Any CPU
		{5F811F30-9CE5-48DC-ADE4-1585633C71F9}.Release|Any CPU.Build.0 = Release|Any CPU
	EndGlobalSection
	GlobalSection(SolutionProperties) = preSolution
		HideSolutionNode = FALSE
	EndGlobalSection
	GlobalSection(ExtensibilityGlobals) = postSolution
		SolutionGuid = {94222299-F2F6-4378-9E22-67A4FC4271FE}
	EndGlobalSection
EndGlobal
